
Microsoft Visual Studio Solution File, Format Version 12.00
# Visual Studio Version 17
VisualStudioVersion = 17.0.31903.59
MinimumVisualStudioVersion = 10.0.40219.1
Project("{2150E333-8FDC-42A3-9474-1A3956D46DE8}") = "src", "src", "{098A7CCC-10E1-4955-B112-CE76F6E665D9}"
EndProject
Project("{FAE04EC0-301F-11D3-BF4B-00C04F79EFBC}") = "BooksInventory.WebApi", "src\BooksInventory.WebApi\BooksInventory.WebApi.csproj", "{2E83051A-4E21-442A-AF2D-DAAB8A0CE326}"
EndProject
Project("{2150E333-8FDC-42A3-9474-1A3956D46DE8}") = "tests", "tests", "{5381AC93-5FD6-4F16-8F00-1C75026BF3BE}"
EndProject
Project("{FAE04EC0-301F-11D3-BF4B-00C04F79EFBC}") = "BooksInventory.WebApi.Tests", "tests\BooksInventory.WebApi.Tests\BooksInventory.WebApi.Tests.csproj", "{2902D6E0-7BF7-4327-856F-494D17E167BB}"
EndProject
Global
	GlobalSection(SolutionConfigurationPlatforms) = preSolution
		Debug|Any CPU = Debug|Any CPU
		Release|Any CPU = Release|Any CPU
	EndGlobalSection
	GlobalSection(SolutionProperties) = preSolution
		HideSolutionNode = FALSE
	EndGlobalSection
	GlobalSection(ProjectConfigurationPlatforms) = postSolution
		{2E83051A-4E21-442A-AF2D-DAAB8A0CE326}.Debug|Any CPU.ActiveCfg = Debug|Any CPU
		{2E83051A-4E21-442A-AF2D-DAAB8A0CE326}.Debug|Any CPU.Build.0 = Debug|Any CPU
		{2E83051A-4E21-442A-AF2D-DAAB8A0CE326}.Release|Any CPU.ActiveCfg = Release|Any CPU
		{2E83051A-4E21-442A-AF2D-DAAB8A0CE326}.Release|Any CPU.Build.0 = Release|Any CPU
		{2902D6E0-7BF7-4327-856F-494D17E167BB}.Debug|Any CPU.ActiveCfg = Debug|Any CPU
		{2902D6E0-7BF7-4327-856F-494D17E167BB}.Debug|Any CPU.Build.0 = Debug|Any CPU
		{2902D6E0-7BF7-4327-856F-494D17E167BB}.Release|Any CPU.ActiveCfg = Release|Any CPU
		{2902D6E0-7BF7-4327-856F-494D17E167BB}.Release|Any CPU.Build.0 = Release|Any CPU
	EndGlobalSection
	GlobalSection(NestedProjects) = preSolution
		{2E83051A-4E21-442A-AF2D-DAAB8A0CE326} = {098A7CCC-10E1-4955-B112-CE76F6E665D9}
		{2902D6E0-7BF7-4327-856F-494D17E167BB} = {5381AC93-5FD6-4F16-8F00-1C75026BF3BE}
	EndGlobalSection
EndGlobal
